github.com/malbrecht/chess v0.0.0-20190911134141-3465f589170a h1:rBi/ZFqgPqo3aPxj3y3ZbwED9ssvBhlla+nHCVc8KFk=
github.com/malbrecht/chess v0.0.0-20190911134141-3465f589170a/go.mod h1:M3dArO2gsCCqXeS5WcgCemKJEDmzOK+5y01UNH2nRHU=
gopkg.in/freeeve/pgn.v1 v1.0.1 h1:LfUaKK8CtvMvNr84LZ9qIAQThEJYYWM+Zj+HKoZYu+k=
gopkg.in/freeeve/pgn.v1 v1.0.1/go.mod h1:KCuTwqFJbuq2N4HLScRTVvv6baORi+q14ziM2UEDWYc=
